// !$*UTF8*$!
{
	archiveVersion = 1;
	classes = {
	};
	objectVersion = 50;
	objects = {

/* Begin PBXBuildFile section */
		60017959219FBF7700E5BA46 /* TableViewController.swift in Sources */ = {isa = PBXBuildFile; fileRef = 60017958219FBF7700E5BA46 /* TableViewController.swift */; };
		6001795B219FBF8D00E5BA46 /* ViewController.swift in Sources */ = {isa = PBXBuildFile; fileRef = 6001795A219FBF8D00E5BA46 /* ViewController.swift */; };
		60F84630219F9A3F00A12501 /* AppDelegate.swift in Sources */ = {isa = PBXBuildFile; fileRef = 60F8462F219F9A3F00A12501 /* AppDelegate.swift */; };
		60F84635219F9A3F00A12501 /* Main.storyboard in Resources */ = {isa = PBXBuildFile; fileRef = 60F84633219F9A3F00A12501 /* Main.storyboard */; };
		60F84637219F9A4100A12501 /* Assets.xcassets in Resources */ = {isa = PBXBuildFile; fileRef = 60F84636219F9A4100A12501 /* Assets.xcassets */; };
		60F8463A219F9A4100A12501 /* LaunchScreen.storyboard in Resources */ = {isa = PBXBuildFile; fileRef = 60F84638219F9A4100A12501 /* LaunchScreen.storyboard */; };
		60F84645219F9A4100A12501 /* ThirdAppTests.swift in Sources */ = {isa = PBXBuildFile; fileRef = 60F84644219F9A4100A12501 /* ThirdAppTests.swift */; };
		60F84650219F9A4100A12501 /* ThirdAppUITests.swift in Sources */ = {isa = PBXBuildFile; fileRef = 60F8464F219F9A4100A12501 /* ThirdAppUITests.swift */; };
/* End PBXBuildFile section */

/* Begin PBXContainerItemProxy section */
		60F84641219F9A4100A12501 /* PBXContainerItemProxy */ = {
			isa = PBXContainerItemProxy;
			containerPortal = 60F84624219F9A3F00A12501 /* Project object */;
			proxyType = 1;
			remoteGlobalIDString = 60F8462B219F9A3F00A12501;
			remoteInfo = ThirdApp;
		};
		60F8464C219F9A4100A12501 /* PBXContainerItemProxy */ = {
			isa = PBXContainerItemProxy;
			containerPortal = 60F84624219F9A3F00A12501 /* Project object */;
			proxyType = 1;
			remoteGlobalIDString = 60F8462B219F9A3F00A12501;
			remoteInfo = ThirdApp;
		};
/* End PBXContainerItemProxy section */

/* Begin PBXFileReference section */
		60017958219FBF7700E5BA46 /* TableViewController.swift */ = {isa = PBXFileReference; lastKnownFileType = sourcecode.swift; path = TableViewController.swift; sourceTree = "<group>"; };
		6001795A219FBF8D00E5BA46 /* ViewController.swift */ = {isa = PBXFileReference; lastKnownFileType = sourcecode.swift; path = ViewController.swift; sourceTree = "<group>"; };
		60F8462C219F9A3F00A12501 /* ThirdApp.app */ = {isa = PBXFileReference; explicitFileType = wrapper.application; includeInIndex = 0; path = ThirdApp.app; sourceTree = BUILT_PRODUCTS_DIR; };
		60F8462F219F9A3F00A12501 /* AppDelegate.swift */ = {isa = PBXFileReference; lastKnownFileType = sourcecode.swift; path = AppDelegate.swift; sourceTree = "<group>"; };
		60F84634219F9A3F00A12501 /* Base */ = {isa = PBXFileReference; lastKnownFileType = file.storyboard; name = Base; path = Base.lproj/Main.storyboard; sourceTree = "<group>"; };
		60F84636219F9A4100A12501 /* Assets.xcassets */ = {isa = PBXFileReference; lastKnownFileType = folder.assetcatalog; path = Assets.xcassets; sourceTree = "<group>"; };
		60F84639219F9A4100A12501 /* Base */ = {isa = PBXFileReference; lastKnownFileType = file.storyboard; name = Base; path = Base.lproj/LaunchScreen.storyboard; sourceTree = "<group>"; };
		60F8463B219F9A4100A12501 /* Info.plist */ = {isa = PBXFileReference; lastKnownFileType = text.plist.xml; path = Info.plist; sourceTree = "<group>"; };
		60F84640219F9A4100A12501 /* ThirdAppTests.xctest */ = {isa = PBXFileReference; explicitFileType = wrapper.cfbundle; includeInIndex = 0; path = ThirdAppTests.xctest; sourceTree = BUILT_PRODUCTS_DIR; };
		60F84644219F9A4100A12501 /* ThirdAppTests.swift */ = {isa = PBXFileReference; lastKnownFileType = sourcecode.swift; path = ThirdAppTests.swift; sourceTree = "<group>"; };
		60F84646219F9A4100A12501 /* Info.plist */ = {isa = PBXFileReference; lastKnownFileType = text.plist.xml; path = Info.plist; sourceTree = "<group>"; };
		60F8464B219F9A4100A12501 /* ThirdAppUITests.xctest */ = {isa = PBXFileReference; explicitFileType = wrapper.cfbundle; includeInIndex = 0; path = ThirdAppUITests.xctest; sourceTree = BUILT_PRODUCTS_DIR; };
		60F8464F219F9A4100A12501 /* ThirdAppUITests.swift */ = {isa = PBXFileReference; lastKnownFileType = sourcecode.swift; path = ThirdAppUITests.swift; sourceTree = "<group>"; };
		60F84651219F9A4100A12501 /* Info.plist */ = {isa = PBXFileReference; lastKnownFileType = text.plist.xml; path = Info.plist; sourceTree = "<group>"; };
/* End PBXFileReference section */

/* Begin PBXFrameworksBuildPhase section */
		60F84629219F9A3F00A12501 /* Frameworks */ = {
			isa = PBXFrameworksBuildPhase;
			buildActionMask = 2147483647;
			files = (
			);
			runOnlyForDeploymentPostprocessing = 0;
		};
		60F8463D219F9A4100A12501 /* Frameworks */ = {
			isa = PBXFrameworksBuildPhase;
			buildActionMask = 2147483647;
			files = (
			);
			runOnlyForDeploymentPostprocessing = 0;
		};
		60F84648219F9A4100A12501 /* Frameworks */ = {
			isa = PBXFrameworksBuildPhase;
			buildActionMask = 2147483647;
			files = (
			);
			runOnlyForDeploymentPostprocessing = 0;
		};
/* End PBXFrameworksBuildPhase section */

/* Begin PBXGroup section */
		60F84623219F9A3F00A12501 = {
			isa = PBXGroup;
			children = (
				60F8462E219F9A3F00A12501 /* ThirdApp */,
				60F84643219F9A4100A12501 /* ThirdAppTests */,
				60F8464E219F9A4100A12501 /* ThirdAppUITests */,
				60F8462D219F9A3F00A12501 /* Products */,
			);
			sourceTree = "<group>";
		};
		60F8462D219F9A3F00A12501 /* Products */ = {
			isa = PBXGroup;
			children = (
				60F8462C219F9A3F00A12501 /* ThirdApp.app */,
				60F84640219F9A4100A12501 /* ThirdAppTests.xctest */,
				60F8464B219F9A4100A12501 /* ThirdAppUITests.xctest */,
			);
			name = Products;
			sourceTree = "<group>";
		};
		60F8462E219F9A3F00A12501 /* ThirdApp */ = {
			isa = PBXGroup;
			children = (
				60F8462F219F9A3F00A12501 /* AppDelegate.swift */,
				60017958219FBF7700E5BA46 /* TableViewController.swift */,
				6001795A219FBF8D00E5BA46 /* ViewController.swift */,
				60F84633219F9A3F00A12501 /* Main.storyboard */,
				60F84636219F9A4100A12501 /* Assets.xcassets */,
				60F84638219F9A4100A12501 /* LaunchScreen.storyboard */,
				60F8463B219F9A4100A12501 /* Info.plist */,
			);
			path = ThirdApp;
			sourceTree = "<group>";
		};
		60F84643219F9A4100A12501 /* ThirdAppTests */ = {
			isa = PBXGroup;
			children = (
				60F84644219F9A4100A12501 /* ThirdAppTests.swift */,
				60F84646219F9A4100A12501 /* Info.plist */,
			);
			path = ThirdAppTests;
			sourceTree = "<group>";
		};
		60F8464E219F9A4100A12501 /* ThirdAppUITests */ = {
			isa = PBXGroup;
			children = (
				60F8464F219F9A4100A12501 /* ThirdAppUITests.swift */,
				60F84651219F9A4100A12501 /* Info.plist */,
			);
			path = ThirdAppUITests;
			sourceTree = "<group>";
		};
/* End PBXGroup section */

/* Begin PBXNativeTarget section */
		60F8462B219F9A3F00A12501 /* ThirdApp */ = {
			isa = PBXNativeTarget;
			buildConfigurationList = 60F84654219F9A4100A12501 /* Build configuration list for PBXNativeTarget "ThirdApp" */;
			buildPhases = (
				60F84628219F9A3F00A12501 /* Sources */,
				60F84629219F9A3F00A12501 /* Frameworks */,
				60F8462A219F9A3F00A12501 /* Resources */,
			);
			buildRules = (
			);
			dependencies = (
			);
			name = ThirdApp;
			productName = ThirdApp;
			productReference = 60F8462C219F9A3F00A12501 /* ThirdApp.app */;
			productType = "com.apple.product-type.application";
		};
		60F8463F219F9A4100A12501 /* ThirdAppTests */ = {
			isa = PBXNativeTarget;
			buildConfigurationList = 60F84657219F9A4100A12501 /* Build configuration list for PBXNativeTarget "ThirdAppTests" */;
			buildPhases = (
				60F8463C219F9A4100A12501 /* Sources */,
				60F8463D219F9A4100A12501 /* Frameworks */,
				60F8463E219F9A4100A12501 /* Resources */,
			);
			buildRules = (
			);
			dependencies = (
				60F84642219F9A4100A12501 /* PBXTargetDependency */,
			);
			name = ThirdAppTests;
			productName = ThirdAppTests;
			productReference = 60F84640219F9A4100A12501 /* ThirdAppTests.xctest */;
			productType = "com.apple.product-type.bundle.unit-test";
		};
		60F8464A219F9A4100A12501 /* ThirdAppUITests */ = {
			isa = PBXNativeTarget;
			buildConfigurationList = 60F8465A219F9A4100A12501 /* Build configuration list for PBXNativeTarget "ThirdAppUITests" */;
			buildPhases = (
				60F84647219F9A4100A12501 /* Sources */,
				60F84648219F9A4100A12501 /* Frameworks */,
				60F84649219F9A4100A12501 /* Resources */,
			);
			buildRules = (
			);
			dependencies = (
				60F8464D219F9A4100A12501 /* PBXTargetDependency */,
			);
			name = ThirdAppUITests;
			productName = ThirdAppUITests;
			productReference = 60F8464B219F9A4100A12501 /* ThirdAppUITests.xctest */;
			productType = "com.apple.product-type.bundle.ui-testing";
		};
/* End PBXNativeTarget section */

/* Begin PBXProject section */
		60F84624219F9A3F00A12501 /* Project object */ = {
			isa = PBXProject;
			attributes = {
				LastSwiftUpdateCheck = 1000;
				LastUpgradeCheck = 1000;
				ORGANIZATIONNAME = daicudu;
				TargetAttributes = {
					60F8462B219F9A3F00A12501 = {
						CreatedOnToolsVersion = 10.0;
					};
					60F8463F219F9A4100A12501 = {
						CreatedOnToolsVersion = 10.0;
						TestTargetID = 60F8462B219F9A3F00A12501;
					};
					60F8464A219F9A4100A12501 = {
						CreatedOnToolsVersion = 10.0;
						TestTargetID = 60F8462B219F9A3F00A12501;
					};
				};
			};
			buildConfigurationList = 60F84627219F9A3F00A12501 /* Build configuration list for PBXProject "ThirdApp" */;
			compatibilityVersion = "Xcode 9.3";
			developmentRegion = en;
			hasScannedForEncodings = 0;
			knownRegions = (
				en,
				Base,
			);
			mainGroup = 60F84623219F9A3F00A12501;
			productRefGroup = 60F8462D219F9A3F00A12501 /* Products */;
			projectDirPath = "";
			projectRoot = "";
			targets = (
				60F8462B219F9A3F00A12501 /* ThirdApp */,
				60F8463F219F9A4100A12501 /* ThirdAppTests */,
				60F8464A219F9A4100A12501 /* ThirdAppUITests */,
			);
		};
/* End PBXProject section */

/* Begin PBXResourcesBuildPhase section */
		60F8462A219F9A3F00A12501 /* Resources */ = {
			isa = PBXResourcesBuildPhase;
			buildActionMask = 2147483647;
			files = (
				60F8463A219F9A4100A12501 /* LaunchScreen.storyboard in Resources */,
				60F84637219F9A4100A12501 /* Assets.xcassets in Resources */,
				60F84635219F9A3F00A12501 /* Main.storyboard in Resources */,
			);
			runOnlyForDeploymentPostprocessing = 0;
		};
		60F8463E219F9A4100A12501 /* Resources */ = {
			isa = PBXResourcesBuildPhase;
			buildActionMask = 2147483647;
			files = (
			);
			runOnlyForDeploymentPostprocessing = 0;
		};
		60F84649219F9A4100A12501 /* Resources */ = {
			isa = PBXResourcesBuildPhase;
			buildActionMask = 2147483647;
			files = (
			);
			runOnlyForDeploymentPostprocessing = 0;
		};
/* End PBXResourcesBuildPhase section */

/* Begin PBXSourcesBuildPhase section */
		60F84628219F9A3F00A12501 /* Sources */ = {
			isa = PBXSourcesBuildPhase;
			buildActionMask = 2147483647;
			files = (
				6001795B219FBF8D00E5BA46 /* ViewController.swift in Sources */,
				60F84630219F9A3F00A12501 /* AppDelegate.swift in Sources */,
				60017959219FBF7700E5BA46 /* TableViewController.swift in Sources */,
			);
			runOnlyForDeploymentPostprocessing = 0;
		};
		60F8463C219F9A4100A12501 /* Sources */ = {
			isa = PBXSourcesBuildPhase;
			buildActionMask = 2147483647;
			files = (
				60F84645219F9A4100A12501 /* ThirdAppTests.swift in Sources */,
			);
			runOnlyForDeploymentPostprocessing = 0;
		};
		60F84647219F9A4100A12501 /* Sources */ = {
			isa = PBXSourcesBuildPhase;
			buildActionMask = 2147483647;
			files = (
				60F84650219F9A4100A12501 /* ThirdAppUITests.swift in Sources */,
			);
			runOnlyForDeploymentPostprocessing = 0;
		};
/* End PBXSourcesBuildPhase section */

/* Begin PBXTargetDependency section */
		60F84642219F9A4100A12501 /* PBXTargetDependency */ = {
			isa = PBXTargetDependency;
			target = 60F8462B219F9A3F00A12501 /* ThirdApp */;
			targetProxy = 60F84641219F9A4100A12501 /* PBXContainerItemProxy */;
		};
		60F8464D219F9A4100A12501 /* PBXTargetDependency */ = {
			isa = PBXTargetDependency;
			target = 60F8462B219F9A3F00A12501 /* ThirdApp */;
			targetProxy = 60F8464C219F9A4100A12501 /* PBXContainerItemProxy */;
		};
/* End PBXTargetDependency section */

/* Begin PBXVariantGroup section */
		60F84633219F9A3F00A12501 /* Main.storyboard */ = {
			isa = PBXVariantGroup;
			children = (
				60F84634219F9A3F00A12501 /* Base */,
			);
			name = Main.storyboard;
			sourceTree = "<group>";
		};
		60F84638219F9A4100A12501 /* LaunchScreen.storyboard */ = {
			isa = PBXVariantGroup;
			children = (
				60F84639219F9A4100A12501 /* Base */,
			);
			name = LaunchScreen.storyboard;
			sourceTree = "<group>";
		};
/* End PBXVariantGroup section */

/* Begin XCBuildConfiguration section */
		60F84652219F9A4100A12501 /* Debug */ = {
			isa = XCBuildConfiguration;
			buildSettings = {
				ALWAYS_SEARCH_USER_PATHS = NO;
				CLANG_ANALYZER_NONNULL = YES;
				CLANG_ANALYZER_NUMBER_OBJECT_CONVERSION = YES_AGGRESSIVE;
				CLANG_CXX_LANGUAGE_STANDARD = "gnu++14";
				CLANG_CXX_LIBRARY = "libc++";
				CLANG_ENABLE_MODULES = YES;
				CLANG_ENABLE_OBJC_ARC = YES;
				CLANG_ENABLE_OBJC_WEAK = YES;
				CLANG_WARN_BLOCK_CAPTURE_AUTORELEASING = YES;
				CLANG_WARN_BOOL_CONVERSION = YES;
				CLANG_WARN_COMMA = YES;
				CLANG_WARN_CONSTANT_CONVERSION = YES;
				CLANG_WARN_DEPRECATED_OBJC_IMPLEMENTATIONS = YES;
				CLANG_WARN_DIRECT_OBJC_ISA_USAGE = YES_ERROR;
				CLANG_WARN_DOCUMENTATION_COMMENTS = YES;
				CLANG_WARN_EMPTY_BODY = YES;
				CLANG_WARN_ENUM_CONVERSION = YES;
				CLANG_WARN_INFINITE_RECURSION = YES;
				CLANG_WARN_INT_CONVERSION = YES;
				CLANG_WARN_NON_LITERAL_NULL_CONVERSION = YES;
				CLANG_WARN_OBJC_IMPLICIT_RETAIN_SELF = YES;
				CLANG_WARN_OBJC_LITERAL_CONVERSION = YES;
				CLANG_WARN_OBJC_ROOT_CLASS = YES_ERROR;
				CLANG_WARN_RANGE_LOOP_ANALYSIS = YES;
				CLANG_WARN_STRICT_PROTOTYPES = YES;
				CLANG_WARN_SUSPICIOUS_MOVE = YES;
				CLANG_WARN_UNGUARDED_AVAILABILITY = YES_AGGRESSIVE;
				CLANG_WARN_UNREACHABLE_CODE = YES;
				CLANG_WARN__DUPLICATE_METHOD_MATCH = YES;
				CODE_SIGN_IDENTITY = "iPhone Developer";
				COPY_PHASE_STRIP = NO;
				DEBUG_INFORMATION_FORMAT = dwarf;
				ENABLE_STRICT_OBJC_MSGSEND = YES;
				ENABLE_TESTABILITY = YES;
				GCC_C_LANGUAGE_STANDARD = gnu11;
				GCC_DYNAMIC_NO_PIC = NO;
				GCC_NO_COMMON_BLOCKS = YES;
				GCC_OPTIMIZATION_LEVEL = 0;
				GCC_PREPROCESSOR_DEFINITIONS = (
					"DEBUG=1",
					"$(inherited)",
				);
				GCC_WARN_64_TO_32_BIT_CONVERSION = YES;
				GCC_WARN_ABOUT_RETURN_TYPE = YES_ERROR;
				GCC_WARN_UNDECLARED_SELECTOR = YES;
				GCC_WARN_UNINITIALIZED_AUTOS = YES_AGGRESSIVE;
				GCC_WARN_UNUSED_FUNCTION = YES;
				GCC_WARN_UNUSED_VARIABLE = YES;
				IPHONEOS_DEPLOYMENT_TARGET = 12.0;
				MTL_ENABLE_DEBUG_INFO = INCLUDE_SOURCE;
				MTL_FAST_MATH = YES;
				ONLY_ACTIVE_ARCH = YES;
				SDKROOT = iphoneos;
				SWIFT_ACTIVE_COMPILATION_CONDITIONS = DEBUG;
				SWIFT_OPTIMIZATION_LEVEL = "-Onone";
			};
			name = Debug;
		};
		60F84653219F9A4100A12501 /* Release */ = {
			isa = XCBuildConfiguration;
			buildSettings = {
				ALWAYS_SEARCH_USER_PATHS = NO;
				CLANG_ANALYZER_NONNULL = YES;
				CLANG_ANALYZER_NUMBER_OBJECT_CONVERSION = YES_AGGRESSIVE;
				CLANG_CXX_LANGUAGE_STANDARD = "gnu++14";
				CLANG_CXX_LIBRARY = "libc++";
				CLANG_ENABLE_MODULES = YES;
				CLANG_ENABLE_OBJC_ARC = YES;
				CLANG_ENABLE_OBJC_WEAK = YES;
				CLANG_WARN_BLOCK_CAPTURE_AUTORELEASING = YES;
				CLANG_WARN_BOOL_CONVERSION = YES;
				CLANG_WARN_COMMA = YES;
				CLANG_WARN_CONSTANT_CONVERSION = YES;
				CLANG_WARN_DEPRECATED_OBJC_IMPLEMENTATIONS = YES;
				CLANG_WARN_DIRECT_OBJC_ISA_USAGE = YES_ERROR;
				CLANG_WARN_DOCUMENTATION_COMMENTS = YES;
				CLANG_WARN_EMPTY_BODY = YES;
				CLANG_WARN_ENUM_CONVERSION = YES;
				CLANG_WARN_INFINITE_RECURSION = YES;
				CLANG_WARN_INT_CONVERSION = YES;
				CLANG_WARN_NON_LITERAL_NULL_CONVERSION = YES;
				CLANG_WARN_OBJC_IMPLICIT_RETAIN_SELF = YES;
				CLANG_WARN_OBJC_LITERAL_CONVERSION = YES;
				CLANG_WARN_OBJC_ROOT_CLASS = YES_ERROR;
				CLANG_WARN_RANGE_LOOP_ANALYSIS = YES;
				CLANG_WARN_STRICT_PROTOTYPES = YES;
				CLANG_WARN_SUSPICIOUS_MOVE = YES;
				CLANG_WARN_UNGUARDED_AVAILABILITY = YES_AGGRESSIVE;
				CLANG_WARN_UNREACHABLE_CODE = YES;
				CLANG_WARN__DUPLICATE_METHOD_MATCH = YES;
				CODE_SIGN_IDENTITY = "iPhone Developer";
				COPY_PHASE_STRIP = NO;
				DEBUG_INFORMATION_FORMAT = "dwarf-with-dsym";
				ENABLE_NS_ASSERTIONS = NO;
				ENABLE_STRICT_OBJC_MSGSEND = YES;
				GCC_C_LANGUAGE_STANDARD = gnu11;
				GCC_NO_COMMON_BLOCKS = YES;
				GCC_WARN_64_TO_32_BIT_CONVERSION = YES;
				GCC_WARN_ABOUT_RETURN_TYPE = YES_ERROR;
				GCC_WARN_UNDECLARED_SELECTOR = YES;
				GCC_WARN_UNINITIALIZED_AUTOS = YES_AGGRESSIVE;
				GCC_WARN_UNUSED_FUNCTION = YES;
				GCC_WARN_UNUSED_VARIABLE = YES;
				IPHONEOS_DEPLOYMENT_TARGET = 12.0;
				MTL_ENABLE_DEBUG_INFO = NO;
				MTL_FAST_MATH = YES;
				SDKROOT = iphoneos;
				SWIFT_COMPILATION_MODE = wholemodule;
				SWIFT_OPTIMIZATION_LEVEL = "-O";
				VALIDATE_PRODUCT = YES;
			};
			name = Release;
		};
		60F84655219F9A4100A12501 /* Debug */ = {
			isa = XCBuildConfiguration;
			buildSettings = {
				ASSETCATALOG_COMPILER_APPICON_NAME = AppIcon;
				CODE_SIGN_STYLE = Automatic;
				INFOPLIST_FILE = ThirdApp/Info.plist;
				LD_RUNPATH_SEARCH_PATHS = (
					"$(inherited)",
					"@executable_path/Frameworks",
				);
				PRODUCT_BUNDLE_IDENTIFIER = asddf.ThirdApp;
				PRODUCT_NAME = "$(TARGET_NAME)";
				SWIFT_VERSION = 4.2;
				TARGETED_DEVICE_FAMILY = "1,2";
			};
			name = Debug;
		};
		60F84656219F9A4100A12501 /* Release */ = {
			isa = XCBuildConfiguration;
			buildSettings = {
				ASSETCATALOG_COMPILER_APPICON_NAME = AppIcon;
				CODE_SIGN_STYLE = Automatic;
				INFOPLIST_FILE = ThirdApp/Info.plist;
				LD_RUNPATH_SEARCH_PATHS = (
					"$(inherited)",
					"@executable_path/Frameworks",
				);
				PRODUCT_BUNDLE_IDENTIFIER = asddf.ThirdApp;
				PRODUCT_NAME = "$(TARGET_NAME)";
				SWIFT_VERSION = 4.2;
				TARGETED_DEVICE_FAMILY = "1,2";
			};
			name = Release;
		};
		60F84658219F9A4100A12501 /* Debug */ = {
			isa = XCBuildConfiguration;
			buildSettings = {
				ALWAYS_EMBED_SWIFT_STANDARD_LIBRARIES = YES;
				BUNDLE_LOADER = "$(TEST_HOST)";
				CODE_SIGN_STYLE = Automatic;
				INFOPLIST_FILE = ThirdAppTests/Info.plist;
				LD_RUNPATH_SEARCH_PATHS = (
					"$(inherited)",
					"@executable_path/Frameworks",
					"@loader_path/Frameworks",
				);
				PRODUCT_BUNDLE_IDENTIFIER = asddf.ThirdAppTests;
				PRODUCT_NAME = "$(TARGET_NAME)";
				SWIFT_VERSION = 4.2;
				TARGETED_DEVICE_FAMILY = "1,2";
				TEST_HOST = "$(BUILT_PRODUCTS_DIR)/ThirdApp.app/ThirdApp";
			};
			name = Debug;
		};
		60F84659219F9A4100A12501 /* Release */ = {
			isa = XCBuildConfiguration;
			buildSettings = {
				ALWAYS_EMBED_SWIFT_STANDARD_LIBRARIES = YES;
				BUNDLE_LOADER = "$(TEST_HOST)";
				CODE_SIGN_STYLE = Automatic;
				INFOPLIST_FILE = ThirdAppTests/Info.plist;
				LD_RUNPATH_SEARCH_PATHS = (
					"$(inherited)",
					"@executable_path/Frameworks",
					"@loader_path/Frameworks",
				);
				PRODUCT_BUNDLE_IDENTIFIER = asddf.ThirdAppTests;
				PRODUCT_NAME = "$(TARGET_NAME)";
				SWIFT_VERSION = 4.2;
				TARGETED_DEVICE_FAMILY = "1,2";
				TEST_HOST = "$(BUILT_PRODUCTS_DIR)/ThirdApp.app/ThirdApp";
			};
			name = Release;
		};
		60F8465B219F9A4100A12501 /* Debug */ = {
			isa = XCBuildConfiguration;
			buildSettings = {
				ALWAYS_EMBED_SWIFT_STANDARD_LIBRARIES = YES;
				CODE_SIGN_STYLE = Automatic;
				INFOPLIST_FILE = ThirdAppUITests/Info.plist;
				LD_RUNPATH_SEARCH_PATHS = (
					"$(inherited)",
					"@executable_path/Frameworks",
					"@loader_path/Frameworks",
				);
				PRODUCT_BUNDLE_IDENTIFIER = asddf.ThirdAppUITests;
				PRODUCT_NAME = "$(TARGET_NAME)";
				SWIFT_VERSION = 4.2;
				TARGETED_DEVICE_FAMILY = "1,2";
				TEST_TARGET_NAME = ThirdApp;
			};
			name = Debug;
		};
		60F8465C219F9A4100A12501 /* Release */ = {
			isa = XCBuildConfiguration;
			buildSettings = {
				ALWAYS_EMBED_SWIFT_STANDARD_LIBRARIES = YES;
				CODE_SIGN_STYLE = Automatic;
				INFOPLIST_FILE = ThirdAppUITests/Info.plist;
				LD_RUNPATH_SEARCH_PATHS = (
					"$(inherited)",
					"@executable_path/Frameworks",
					"@loader_path/Frameworks",
				);
				PRODUCT_BUNDLE_IDENTIFIER = asddf.ThirdAppUITests;
				PRODUCT_NAME = "$(TARGET_NAME)";
				SWIFT_VERSION = 4.2;
				TARGETED_DEVICE_FAMILY = "1,2";
				TEST_TARGET_NAME = ThirdApp;
			};
			name = Release;
		};
/* End XCBuildConfiguration section */

/* Begin XCConfigurationList section */
		60F84627219F9A3F00A12501 /* Build configuration list for PBXProject "ThirdApp" */ = {
			isa = XCConfigurationList;
			buildConfigurations = (
				60F84652219F9A4100A12501 /* Debug */,
				60F84653219F9A4100A12501 /* Release */,
			);
			defaultConfigurationIsVisible = 0;
			defaultConfigurationName = Release;
		};
		60F84654219F9A4100A12501 /* Build configuration list for PBXNativeTarget "ThirdApp" */ = {
			isa = XCConfigurationList;
			buildConfigurations = (
				60F84655219F9A4100A12501 /* Debug */,
				60F84656219F9A4100A12501 /* Release */,
			);
			defaultConfigurationIsVisible = 0;
			defaultConfigurationName = Release;
		};
		60F84657219F9A4100A12501 /* Build configuration list for PBXNativeTarget "ThirdAppTests" */ = {
			isa = XCConfigurationList;
			buildConfigurations = (
				60F84658219F9A4100A12501 /* Debug */,
				60F84659219F9A4100A12501 /* Release */,
			);
			defaultConfigurationIsVisible = 0;
			defaultConfigurationName = Release;
		};
		60F8465A219F9A4100A12501 /* Build configuration list for PBXNativeTarget "ThirdAppUITests" */ = {
			isa = XCConfigurationList;
			buildConfigurations = (
				60F8465B219F9A4100A12501 /* Debug */,
				60F8465C219F9A4100A12501 /* Release */,
			);
			defaultConfigurationIsVisible = 0;
			defaultConfigurationName = Release;
		};
/* End XCConfigurationList section */
	};
	rootObject = 60F84624219F9A3F00A12501 /* Project object */;
}
